
Microsoft Visual Studio Solution File, Format Version 12.00
# Visual Studio Version 16
VisualStudioVersion = 16.0.31410.357
MinimumVisualStudioVersion = 10.0.40219.1
Project("{FAE04EC0-301F-11D3-BF4B-00C04F79EFBC}") = "Flake.Host.UWP", "Flake.Host.UWP\Flake.Host.UWP.csproj", "{F2D0ED1F-8A5A-49FC-9663-6F959F3AD138}"
EndProject
Project("{FAE04EC0-301F-11D3-BF4B-00C04F79EFBC}") = "Flake.Host.Android", "Flake.Host.Android\Flake.Host.Android.csproj", "{053EADEA-4D39-4FAA-A0CE-C43C22B5B566}"
EndProject
Project("{FAE04EC0-301F-11D3-BF4B-00C04F79EFBC}") = "Flake.Host.iOS", "Flake.Host.iOS\Flake.Host.iOS.csproj", "{6CD499B1-4C0F-4C51-949B-79016B478CE2}"
EndProject
Project("{FAE04EC0-301F-11D3-BF4B-00C04F79EFBC}") = "Flake.Host", "Flake.Host\Flake.Host.csproj", "{CA596BAD-B3F9-4401-859B-B62D6BCAC0E4}"
EndProject
Global
	GlobalSection(SolutionConfigurationPlatforms) = preSolution
		Debug|Any CPU = Debug|Any CPU
		Debug|ARM = Debug|ARM
		Debug|iPhone = Debug|iPhone
		Debug|iPhoneSimulator = Debug|iPhoneSimulator
		Debug|x64 = Debug|x64
		Debug|x86 = Debug|x86
		Release|Any CPU = Release|Any CPU
		Release|ARM = Release|ARM
		Release|iPhone = Release|iPhone
		Release|iPhoneSimulator = Release|iPhoneSimulator
		Release|x64 = Release|x64
		Release|x86 = Release|x86
	EndGlobalSection
	GlobalSection(ProjectConfigurationPlatforms) = postSolution
		{F2D0ED1F-8A5A-49FC-9663-6F959F3AD138}.Debug|Any CPU.ActiveCfg = Debug|x86
		{F2D0ED1F-8A5A-49FC-9663-6F959F3AD138}.Debug|Any CPU.Build.0 = Debug|x86
		{F2D0ED1F-8A5A-49FC-9663-6F959F3AD138}.Debug|Any CPU.Deploy.0 = Debug|x86
		{F2D0ED1F-8A5A-49FC-9663-6F959F3AD138}.Debug|ARM.ActiveCfg = Debug|ARM
		{F2D0ED1F-8A5A-49FC-9663-6F959F3AD138}.Debug|ARM.Build.0 = Debug|ARM
		{F2D0ED1F-8A5A-49FC-9663-6F959F3AD138}.Debug|ARM.Deploy.0 = Debug|ARM
		{F2D0ED1F-8A5A-49FC-9663-6F959F3AD138}.Debug|iPhone.ActiveCfg = Debug|x86
		{F2D0ED1F-8A5A-49FC-9663-6F959F3AD138}.Debug|iPhone.Build.0 = Debug|x86
		{F2D0ED1F-8A5A-49FC-9663-6F959F3AD138}.Debug|iPhone.Deploy.0 = Debug|x86
		{F2D0ED1F-8A5A-49FC-9663-6F959F3AD138}.Debug|iPhoneSimulator.ActiveCfg = Debug|x86
		{F2D0ED1F-8A5A-49FC-9663-6F959F3AD138}.Debug|iPhoneSimulator.Build.0 = Debug|x86
		{F2D0ED1F-8A5A-49FC-9663-6F959F3AD138}.Debug|iPhoneSimulator.Deploy.0 = Debug|x86
		{F2D0ED1F-8A5A-49FC-9663-6F959F3AD138}.Debug|x64.ActiveCfg = Debug|x64
		{F2D0ED1F-8A5A-49FC-9663-6F959F3AD138}.Debug|x64.Build.0 = Debug|x64
		{F2D0ED1F-8A5A-49FC-9663-6F959F3AD138}.Debug|x64.Deploy.0 = Debug|x64
		{F2D0ED1F-8A5A-49FC-9663-6F959F3AD138}.Debug|x86.ActiveCfg = Debug|x86
		{F2D0ED1F-8A5A-49FC-9663-6F959F3AD138}.Debug|x86.Build.0 = Debug|x86
		{F2D0ED1F-8A5A-49FC-9663-6F959F3AD138}.Debug|x86.Deploy.0 = Debug|x86
		{F2D0ED1F-8A5A-49FC-9663-6F959F3AD138}.Release|Any CPU.ActiveCfg = Release|x86
		{F2D0ED1F-8A5A-49FC-9663-6F959F3AD138}.Release|Any CPU.Build.0 = Release|x86
		{F2D0ED1F-8A5A-49FC-9663-6F959F3AD138}.Release|Any CPU.Deploy.0 = Release|x86
		{F2D0ED1F-8A5A-49FC-9663-6F959F3AD138}.Release|ARM.ActiveCfg = Release|ARM
		{F2D0ED1F-8A5A-49FC-9663-6F959F3AD138}.Release|ARM.Build.0 = Release|ARM
		{F2D0ED1F-8A5A-49FC-9663-6F959F3AD138}.Release|ARM.Deploy.0 = Release|ARM
		{F2D0ED1F-8A5A-49FC-9663-6F959F3AD138}.Release|iPhone.ActiveCfg = Release|x86
		{F2D0ED1F-8A5A-49FC-9663-6F959F3AD138}.Release|iPhone.Build.0 = Release|x86
		{F2D0ED1F-8A5A-49FC-9663-6F959F3AD138}.Release|iPhone.Deploy.0 = Release|x86
		{F2D0ED1F-8A5A-49FC-9663-6F959F3AD138}.Release|iPhoneSimulator.ActiveCfg = Release|x86
		{F2D0ED1F-8A5A-49FC-9663-6F959F3AD138}.Release|iPhoneSimulator.Build.0 = Release|x86
		{F2D0ED1F-8A5A-49FC-9663-6F959F3AD138}.Release|iPhoneSimulator.Deploy.0 = Release|x86
		{F2D0ED1F-8A5A-49FC-9663-6F959F3AD138}.Release|x64.ActiveCfg = Release|x64
		{F2D0ED1F-8A5A-49FC-9663-6F959F3AD138}.Release|x64.Build.0 = Release|x64
		{F2D0ED1F-8A5A-49FC-9663-6F959F3AD138}.Release|x64.Deploy.0 = Release|x64
		{F2D0ED1F-8A5A-49FC-9663-6F959F3AD138}.Release|x86.ActiveCfg = Release|x86
		{F2D0ED1F-8A5A-49FC-9663-6F959F3AD138}.Release|x86.Build.0 = Release|x86
		{F2D0ED1F-8A5A-49FC-9663-6F959F3AD138}.Release|x86.Deploy.0 = Release|x86
		{053EADEA-4D39-4FAA-A0CE-C43C22B5B566}.Debug|Any CPU.ActiveCfg = Debug|Any CPU
		{053EADEA-4D39-4FAA-A0CE-C43C22B5B566}.Debug|Any CPU.Build.0 = Debug|Any CPU
		{053EADEA-4D39-4FAA-A0CE-C43C22B5B566}.Debug|Any CPU.Deploy.0 = Debug|Any CPU
		{053EADEA-4D39-4FAA-A0CE-C43C22B5B566}.Debug|ARM.ActiveCfg = Debug|Any CPU
		{053EADEA-4D39-4FAA-A0CE-C43C22B5B566}.Debug|ARM.Build.0 = Debug|Any CPU
		{053EADEA-4D39-4FAA-A0CE-C43C22B5B566}.Debug|ARM.Deploy.0 = Debug|Any CPU
		{053EADEA-4D39-4FAA-A0CE-C43C22B5B566}.Debug|iPhone.ActiveCfg = Debug|Any CPU
		{053EADEA-4D39-4FAA-A0CE-C43C22B5B566}.Debug|iPhone.Build.0 = Debug|Any CPU
		{053EADEA-4D39-4FAA-A0CE-C43C22B5B566}.Debug|iPhone.Deploy.0 = Debug|Any CPU
		{053EADEA-4D39-4FAA-A0CE-C43C22B5B566}.Debug|iPhoneSimulator.ActiveCfg = Debug|Any CPU
		{053EADEA-4D39-4FAA-A0CE-C43C22B5B566}.Debug|iPhoneSimulator.Build.0 = Debug|Any CPU
		{053EADEA-4D39-4FAA-A0CE-C43C22B5B566}.Debug|iPhoneSimulator.Deploy.0 = Debug|Any CPU
		{053EADEA-4D39-4FAA-A0CE-C43C22B5B566}.Debug|x64.ActiveCfg = Debug|Any CPU
		{053EADEA-4D39-4FAA-A0CE-C43C22B5B566}.Debug|x64.Build.0 = Debug|Any CPU
		{053EADEA-4D39-4FAA-A0CE-C43C22B5B566}.Debug|x64.Deploy.0 = Debug|Any CPU
		{053EADEA-4D39-4FAA-A0CE-C43C22B5B566}.Debug|x86.ActiveCfg = Debug|Any CPU
		{053EADEA-4D39-4FAA-A0CE-C43C22B5B566}.Debug|x86.Build.0 = Debug|Any CPU
		{053EADEA-4D39-4FAA-A0CE-C43C22B5B566}.Debug|x86.Deploy.0 = Debug|Any CPU
		{053EADEA-4D39-4FAA-A0CE-C43C22B5B566}.Release|Any CPU.ActiveCfg = Release|Any CPU
		{053EADEA-4D39-4FAA-A0CE-C43C22B5B566}.Release|Any CPU.Build.0 = Release|Any CPU
		{053EADEA-4D39-4FAA-A0CE-C43C22B5B566}.Release|Any CPU.Deploy.0 = Release|Any CPU
		{053EADEA-4D39-4FAA-A0CE-C43C22B5B566}.Release|ARM.ActiveCfg = Release|Any CPU
		{053EADEA-4D39-4FAA-A0CE-C43C22B5B566}.Release|ARM.Build.0 = Release|Any CPU
		{053EADEA-4D39-4FAA-A0CE-C43C22B5B566}.Release|ARM.Deploy.0 = Release|Any CPU
		{053EADEA-4D39-4FAA-A0CE-C43C22B5B566}.Release|iPhone.ActiveCfg = Release|Any CPU
		{053EADEA-4D39-4FAA-A0CE-C43C22B5B566}.Release|iPhone.Build.0 = Release|Any CPU
		{053EADEA-4D39-4FAA-A0CE-C43C22B5B566}.Release|iPhone.Deploy.0 = Release|Any CPU
		{053EADEA-4D39-4FAA-A0CE-C43C22B5B566}.Release|iPhoneSimulator.ActiveCfg = Release|Any CPU
		{053EADEA-4D39-4FAA-A0CE-C43C22B5B566}.Release|iPhoneSimulator.Build.0 = Release|Any CPU
		{053EADEA-4D39-4FAA-A0CE-C43C22B5B566}.Release|iPhoneSimulator.Deploy.0 = Release|Any CPU
		{053EADEA-4D39-4FAA-A0CE-C43C22B5B566}.Release|x64.ActiveCfg = Release|Any CPU
		{053EADEA-4D39-4FAA-A0CE-C43C22B5B566}.Release|x64.Build.0 = Release|Any CPU
		{053EADEA-4D39-4FAA-A0CE-C43C22B5B566}.Release|x64.Deploy.0 = Release|Any CPU
		{053EADEA-4D39-4FAA-A0CE-C43C22B5B566}.Release|x86.ActiveCfg = Release|Any CPU
		{053EADEA-4D39-4FAA-A0CE-C43C22B5B566}.Release|x86.Build.0 = Release|Any CPU
		{053EADEA-4D39-4FAA-A0CE-C43C22B5B566}.Release|x86.Deploy.0 = Release|Any CPU
		{6CD499B1-4C0F-4C51-949B-79016B478CE2}.Debug|Any CPU.ActiveCfg = Debug|iPhoneSimulator
		{6CD499B1-4C0F-4C51-949B-79016B478CE2}.Debug|Any CPU.Build.0 = Debug|iPhoneSimulator
		{6CD499B1-4C0F-4C51-949B-79016B478CE2}.Debug|Any CPU.Deploy.0 = Debug|iPhoneSimulator
		{6CD499B1-4C0F-4C51-949B-79016B478CE2}.Debug|ARM.ActiveCfg = Debug|iPhone
		{6CD499B1-4C0F-4C51-949B-79016B478CE2}.Debug|ARM.Build.0 = Debug|iPhone
		{6CD499B1-4C0F-4C51-949B-79016B478CE2}.Debug|ARM.Deploy.0 = Debug|iPhone
		{6CD499B1-4C0F-4C51-949B-79016B478CE2}.Debug|iPhone.ActiveCfg = Debug|iPhone
		{6CD499B1-4C0F-4C51-949B-79016B478CE2}.Debug|iPhone.Build.0 = Debug|iPhone
		{6CD499B1-4C0F-4C51-949B-79016B478CE2}.Debug|iPhone.Deploy.0 = Debug|iPhone
		{6CD499B1-4C0F-4C51-949B-79016B478CE2}.Debug|iPhoneSimulator.ActiveCfg = Debug|iPhoneSimulator
		{6CD499B1-4C0F-4C51-949B-79016B478CE2}.Debug|iPhoneSimulator.Build.0 = Debug|iPhoneSimulator
		{6CD499B1-4C0F-4C51-949B-79016B478CE2}.Debug|iPhoneSimulator.Deploy.0 = Debug|iPhoneSimulator
		{6CD499B1-4C0F-4C51-949B-79016B478CE2}.Debug|x64.ActiveCfg = Debug|iPhoneSimulator
		{6CD499B1-4C0F-4C51-949B-79016B478CE2}.Debug|x64.Build.0 = Debug|iPhoneSimulator
		{6CD499B1-4C0F-4C51-949B-79016B478CE2}.Debug|x64.Deploy.0 = Debug|iPhoneSimulator
		{6CD499B1-4C0F-4C51-949B-79016B478CE2}.Debug|x86.ActiveCfg = Debug|iPhoneSimulator
		{6CD499B1-4C0F-4C51-949B-79016B478CE2}.Debug|x86.Build.0 = Debug|iPhoneSimulator
		{6CD499B1-4C0F-4C51-949B-79016B478CE2}.Debug|x86.Deploy.0 = Debug|iPhoneSimulator
		{6CD499B1-4C0F-4C51-949B-79016B478CE2}.Release|Any CPU.ActiveCfg = Release|iPhoneSimulator
		{6CD499B1-4C0F-4C51-949B-79016B478CE2}.Release|Any CPU.Build.0 = Release|iPhoneSimulator
		{6CD499B1-4C0F-4C51-949B-79016B478CE2}.Release|Any CPU.Deploy.0 = Release|iPhoneSimulator
		{6CD499B1-4C0F-4C51-949B-79016B478CE2}.Release|ARM.ActiveCfg = Release|iPhoneSimulator
		{6CD499B1-4C0F-4C51-949B-79016B478CE2}.Release|ARM.Build.0 = Release|iPhoneSimulator
		{6CD499B1-4C0F-4C51-949B-79016B478CE2}.Release|ARM.Deploy.0 = Release|iPhoneSimulator
		{6CD499B1-4C0F-4C51-949B-79016B478CE2}.Release|iPhone.ActiveCfg = Release|iPhone
		{6CD499B1-4C0F-4C51-949B-79016B478CE2}.Release|iPhone.Build.0 = Release|iPhone
		{6CD499B1-4C0F-4C51-949B-79016B478CE2}.Release|iPhone.Deploy.0 = Release|iPhone
		{6CD499B1-4C0F-4C51-949B-79016B478CE2}.Release|iPhoneSimulator.ActiveCfg = Release|iPhoneSimulator
		{6CD499B1-4C0F-4C51-949B-79016B478CE2}.Release|iPhoneSimulator.Build.0 = Release|iPhoneSimulator
		{6CD499B1-4C0F-4C51-949B-79016B478CE2}.Release|iPhoneSimulator.Deploy.0 = Release|iPhoneSimulator
		{6CD499B1-4C0F-4C51-949B-79016B478CE2}.Release|x64.ActiveCfg = Release|iPhoneSimulator
		{6CD499B1-4C0F-4C51-949B-79016B478CE2}.Release|x64.Build.0 = Release|iPhoneSimulator
		{6CD499B1-4C0F-4C51-949B-79016B478CE2}.Release|x64.Deploy.0 = Release|iPhoneSimulator
		{6CD499B1-4C0F-4C51-949B-79016B478CE2}.Release|x86.ActiveCfg = Release|iPhoneSimulator
		{6CD499B1-4C0F-4C51-949B-79016B478CE2}.Release|x86.Build.0 = Release|iPhoneSimulator
		{6CD499B1-4C0F-4C51-949B-79016B478CE2}.Release|x86.Deploy.0 = Release|iPhoneSimulator
		{CA596BAD-B3F9-4401-859B-B62D6BCAC0E4}.Debug|Any CPU.ActiveCfg = Debug|Any CPU
		{CA596BAD-B3F9-4401-859B-B62D6BCAC0E4}.Debug|Any CPU.Build.0 = Debug|Any CPU
		{CA596BAD-B3F9-4401-859B-B62D6BCAC0E4}.Debug|Any CPU.Deploy.0 = Debug|Any CPU
		{CA596BAD-B3F9-4401-859B-B62D6BCAC0E4}.Debug|ARM.ActiveCfg = Debug|Any CPU
		{CA596BAD-B3F9-4401-859B-B62D6BCAC0E4}.Debug|ARM.Build.0 = Debug|Any CPU
		{CA596BAD-B3F9-4401-859B-B62D6BCAC0E4}.Debug|ARM.Deploy.0 = Debug|Any CPU
		{CA596BAD-B3F9-4401-859B-B62D6BCAC0E4}.Debug|iPhone.ActiveCfg = Debug|Any CPU
		{CA596BAD-B3F9-4401-859B-B62D6BCAC0E4}.Debug|iPhone.Build.0 = Debug|Any CPU
		{CA596BAD-B3F9-4401-859B-B62D6BCAC0E4}.Debug|iPhone.Deploy.0 = Debug|Any CPU
		{CA596BAD-B3F9-4401-859B-B62D6BCAC0E4}.Debug|iPhoneSimulator.ActiveCfg = Debug|Any CPU
		{CA596BAD-B3F9-4401-859B-B62D6BCAC0E4}.Debug|iPhoneSimulator.Build.0 = Debug|Any CPU
		{CA596BAD-B3F9-4401-859B-B62D6BCAC0E4}.Debug|iPhoneSimulator.Deploy.0 = Debug|Any CPU
		{CA596BAD-B3F9-4401-859B-B62D6BCAC0E4}.Debug|x64.ActiveCfg = Debug|Any CPU
		{CA596BAD-B3F9-4401-859B-B62D6BCAC0E4}.Debug|x64.Build.0 = Debug|Any CPU
		{CA596BAD-B3F9-4401-859B-B62D6BCAC0E4}.Debug|x64.Deploy.0 = Debug|Any CPU
		{CA596BAD-B3F9-4401-859B-B62D6BCAC0E4}.Debug|x86.ActiveCfg = Debug|Any CPU
		{CA596BAD-B3F9-4401-859B-B62D6BCAC0E4}.Debug|x86.Build.0 = Debug|Any CPU
		{CA596BAD-B3F9-4401-859B-B62D6BCAC0E4}.Debug|x86.Deploy.0 = Debug|Any CPU
		{CA596BAD-B3F9-4401-859B-B62D6BCAC0E4}.Release|Any CPU.ActiveCfg = Release|Any CPU
		{CA596BAD-B3F9-4401-859B-B62D6BCAC0E4}.Release|Any CPU.Build.0 = Release|Any CPU
		{CA596BAD-B3F9-4401-859B-B62D6BCAC0E4}.Release|Any CPU.Deploy.0 = Release|Any CPU
		{CA596BAD-B3F9-4401-859B-B62D6BCAC0E4}.Release|ARM.ActiveCfg = Release|Any CPU
		{CA596BAD-B3F9-4401-859B-B62D6BCAC0E4}.Release|ARM.Build.0 = Release|Any CPU
		{CA596BAD-B3F9-4401-859B-B62D6BCAC0E4}.Release|ARM.Deploy.0 = Release|Any CPU
		{CA596BAD-B3F9-4401-859B-B62D6BCAC0E4}.Release|iPhone.ActiveCfg = Release|Any CPU
		{CA596BAD-B3F9-4401-859B-B62D6BCAC0E4}.Release|iPhone.Build.0 = Release|Any CPU
		{CA596BAD-B3F9-4401-859B-B62D6BCAC0E4}.Release|iPhone.Deploy.0 = Release|Any CPU
		{CA596BAD-B3F9-4401-859B-B62D6BCAC0E4}.Release|iPhoneSimulator.ActiveCfg = Release|Any CPU
		{CA596BAD-B3F9-4401-859B-B62D6BCAC0E4}.Release|iPhoneSimulator.Build.0 = Release|Any CPU
		{CA596BAD-B3F9-4401-859B-B62D6BCAC0E4}.Release|iPhoneSimulator.Deploy.0 = Release|Any CPU
		{CA596BAD-B3F9-4401-859B-B62D6BCAC0E4}.Release|x64.ActiveCfg = Release|Any CPU
		{CA596BAD-B3F9-4401-859B-B62D6BCAC0E4}.Release|x64.Build.0 = Release|Any CPU
		{CA596BAD-B3F9-4401-859B-B62D6BCAC0E4}.Release|x64.Deploy.0 = Release|Any CPU
		{CA596BAD-B3F9-4401-859B-B62D6BCAC0E4}.Release|x86.ActiveCfg = Release|Any CPU
		{CA596BAD-B3F9-4401-859B-B62D6BCAC0E4}.Release|x86.Build.0 = Release|Any CPU
		{CA596BAD-B3F9-4401-859B-B62D6BCAC0E4}.Release|x86.Deploy.0 = Release|Any CPU
	EndGlobalSection
	GlobalSection(SolutionProperties) = preSolution
		HideSolutionNode = FALSE
	EndGlobalSection
	GlobalSection(ExtensibilityGlobals) = postSolution
		SolutionGuid = {D6D05724-217D-4E16-AEFC-E4F9BD6887C4}
	EndGlobalSection
EndGlobal
